
Microsoft Visual Studio Solution File, Format Version 12.00
# Visual Studio Version 16
VisualStudioVersion = 16.0.30907.101
MinimumVisualStudioVersion = 10.0.40219.1
Project("{FAE04EC0-301F-11D3-BF4B-00C04F79EFBC}") = "TestFirstDavidNichol", "TestFirstDavidNichol\TestFirstDavidNichol.csproj", "{23C40BED-0EC2-49BE-B7F6-9AE01EF74975}"
EndProject
Project("{FAE04EC0-301F-11D3-BF4B-00C04F79EFBC}") = "BankAccountTest", "BankAccountTest\BankAccountTest.csproj", "{45D5BA20-521F-4E36-B106-9EE6360ABE8C}"
EndProject
Global
	GlobalSection(SolutionConfigurationPlatforms) = preSolution
		Debug|Any CPU = Debug|Any CPU
		Release|Any CPU = Release|Any CPU
	EndGlobalSection
	GlobalSection(ProjectConfigurationPlatforms) = postSolution
		{23C40BED-0EC2-49BE-B7F6-9AE01EF74975}.Debug|Any CPU.ActiveCfg = Debug|Any CPU
		{23C40BED-0EC2-49BE-B7F6-9AE01EF74975}.Debug|Any CPU.Build.0 = Debug|Any CPU
		{23C40BED-0EC2-49BE-B7F6-9AE01EF74975}.Release|Any CPU.ActiveCfg = Release|Any CPU
		{23C40BED-0EC2-49BE-B7F6-9AE01EF74975}.Release|Any CPU.Build.0 = Release|Any CPU
		{45D5BA20-521F-4E36-B106-9EE6360ABE8C}.Debug|Any CPU.ActiveCfg = Debug|Any CPU
		{45D5BA20-521F-4E36-B106-9EE6360ABE8C}.Debug|Any CPU.Build.0 = Debug|Any CPU
		{45D5BA20-521F-4E36-B106-9EE6360ABE8C}.Release|Any CPU.ActiveCfg = Release|Any CPU
		{45D5BA20-521F-4E36-B106-9EE6360ABE8C}.Release|Any CPU.Build.0 = Release|Any CPU
	EndGlobalSection
	GlobalSection(SolutionProperties) = preSolution
		HideSolutionNode = FALSE
	EndGlobalSection
	GlobalSection(ExtensibilityGlobals) = postSolution
		SolutionGuid = {8E78120B-E8F4-42D4-B8E7-CD36F2629FA9}
	EndGlobalSection
EndGlobal
